// !$*UTF8*$!
{
	archiveVersion = 1;
	classes = {
	};
	objectVersion = 46;
	objects = {

/* Begin PBXBuildFile section */
		D4CAA31B4FFAB9F1DD605F98 /* Pods_AXTransitioningKit.framework in Frameworks */ = {isa = PBXBuildFile; fileRef = 16DC685379DA75CB5EA03DC9 /* Pods_AXTransitioningKit.framework */; };
		DC21415B1E836AF500328E06 /* AppDelegate.swift in Sources */ = {isa = PBXBuildFile; fileRef = DC21415A1E836AF500328E06 /* AppDelegate.swift */; };
		DC2141601E836AF500328E06 /* Main.storyboard in Resources */ = {isa = PBXBuildFile; fileRef = DC21415E1E836AF500328E06 /* Main.storyboard */; };
		DC2141621E836AF500328E06 /* Assets.xcassets in Resources */ = {isa = PBXBuildFile; fileRef = DC2141611E836AF500328E06 /* Assets.xcassets */; };
		DC2141651E836AF500328E06 /* LaunchScreen.storyboard in Resources */ = {isa = PBXBuildFile; fileRef = DC2141631E836AF500328E06 /* LaunchScreen.storyboard */; };
		DC2141701E836AF500328E06 /* AXTransitioningKitTests.swift in Sources */ = {isa = PBXBuildFile; fileRef = DC21416F1E836AF500328E06 /* AXTransitioningKitTests.swift */; };
		DC21417B1E836AF500328E06 /* AXTransitioningKitUITests.swift in Sources */ = {isa = PBXBuildFile; fileRef = DC21417A1E836AF500328E06 /* AXTransitioningKitUITests.swift */; };
		DC8C428E1E8373AF00BAAF4D /* AXDefaultTransitioningObject.swift in Sources */ = {isa = PBXBuildFile; fileRef = DC8C428D1E8373AF00BAAF4D /* AXDefaultTransitioningObject.swift */; };
		DC8C42911E837A1000BAAF4D /* DefaultViewController.swift in Sources */ = {isa = PBXBuildFile; fileRef = DC8C42901E837A1000BAAF4D /* DefaultViewController.swift */; };
/* End PBXBuildFile section */

/* Begin PBXContainerItemProxy section */
		DC21416C1E836AF500328E06 /* PBXContainerItemProxy */ = {
			isa = PBXContainerItemProxy;
			containerPortal = DC21414F1E836AF500328E06 /* Project object */;
			proxyType = 1;
			remoteGlobalIDString = DC2141561E836AF500328E06;
			remoteInfo = AXTransitioningKit;
		};
		DC2141771E836AF500328E06 /* PBXContainerItemProxy */ = {
			isa = PBXContainerItemProxy;
			containerPortal = DC21414F1E836AF500328E06 /* Project object */;
			proxyType = 1;
			remoteGlobalIDString = DC2141561E836AF500328E06;
			remoteInfo = AXTransitioningKit;
		};
/* End PBXContainerItemProxy section */

/* Begin PBXFileReference section */
		16DC685379DA75CB5EA03DC9 /* Pods_AXTransitioningKit.framework */ = {isa = PBXFileReference; explicitFileType = wrapper.framework; includeInIndex = 0; path = Pods_AXTransitioningKit.framework; sourceTree = BUILT_PRODUCTS_DIR; };
		42A1C24348BFA8DB6C3BD739 /* Pods-AXTransitioningKit.release.xcconfig */ = {isa = PBXFileReference; includeInIndex = 1; lastKnownFileType = text.xcconfig; name = "Pods-AXTransitioningKit.release.xcconfig"; path = "Pods/Target Support Files/Pods-AXTransitioningKit/Pods-AXTransitioningKit.release.xcconfig"; sourceTree = "<group>"; };
		DC2141571E836AF500328E06 /* AXTransitioningKit.app */ = {isa = PBXFileReference; explicitFileType = wrapper.application; includeInIndex = 0; path = AXTransitioningKit.app; sourceTree = BUILT_PRODUCTS_DIR; };
		DC21415A1E836AF500328E06 /* AppDelegate.swift */ = {isa = PBXFileReference; lastKnownFileType = sourcecode.swift; path = AppDelegate.swift; sourceTree = "<group>"; };
		DC21415F1E836AF500328E06 /* Base */ = {isa = PBXFileReference; lastKnownFileType = file.storyboard; name = Base; path = Base.lproj/Main.storyboard; sourceTree = "<group>"; };
		DC2141611E836AF500328E06 /* Assets.xcassets */ = {isa = PBXFileReference; lastKnownFileType = folder.assetcatalog; path = Assets.xcassets; sourceTree = "<group>"; };
		DC2141641E836AF500328E06 /* Base */ = {isa = PBXFileReference; lastKnownFileType = file.storyboard; name = Base; path = Base.lproj/LaunchScreen.storyboard; sourceTree = "<group>"; };
		DC2141661E836AF500328E06 /* Info.plist */ = {isa = PBXFileReference; lastKnownFileType = text.plist.xml; path = Info.plist; sourceTree = "<group>"; };
		DC21416B1E836AF500328E06 /* AXTransitioningKitTests.xctest */ = {isa = PBXFileReference; explicitFileType = wrapper.cfbundle; includeInIndex = 0; path = AXTransitioningKitTests.xctest; sourceTree = BUILT_PRODUCTS_DIR; };
		DC21416F1E836AF500328E06 /* AXTransitioningKitTests.swift */ = {isa = PBXFileReference; lastKnownFileType = sourcecode.swift; path = AXTransitioningKitTests.swift; sourceTree = "<group>"; };
		DC2141711E836AF500328E06 /* Info.plist */ = {isa = PBXFileReference; lastKnownFileType = text.plist.xml; path = Info.plist; sourceTree = "<group>"; };
		DC2141761E836AF500328E06 /* AXTransitioningKitUITests.xctest */ = {isa = PBXFileReference; explicitFileType = wrapper.cfbundle; includeInIndex = 0; path = AXTransitioningKitUITests.xctest; sourceTree = BUILT_PRODUCTS_DIR; };
		DC21417A1E836AF500328E06 /* AXTransitioningKitUITests.swift */ = {isa = PBXFileReference; lastKnownFileType = sourcecode.swift; path = AXTransitioningKitUITests.swift; sourceTree = "<group>"; };
		DC21417C1E836AF500328E06 /* Info.plist */ = {isa = PBXFileReference; lastKnownFileType = text.plist.xml; path = Info.plist; sourceTree = "<group>"; };
		DC8C428D1E8373AF00BAAF4D /* AXDefaultTransitioningObject.swift */ = {isa = PBXFileReference; fileEncoding = 4; lastKnownFileType = sourcecode.swift; path = AXDefaultTransitioningObject.swift; sourceTree = "<group>"; };
		DC8C42901E837A1000BAAF4D /* DefaultViewController.swift */ = {isa = PBXFileReference; fileEncoding = 4; lastKnownFileType = sourcecode.swift; path = DefaultViewController.swift; sourceTree = "<group>"; };
		ED55D329230D553103048431 /* Pods-AXTransitioningKit.debug.xcconfig */ = {isa = PBXFileReference; includeInIndex = 1; lastKnownFileType = text.xcconfig; name = "Pods-AXTransitioningKit.debug.xcconfig"; path = "Pods/Target Support Files/Pods-AXTransitioningKit/Pods-AXTransitioningKit.debug.xcconfig"; sourceTree = "<group>"; };
/* End PBXFileReference section */

/* Begin PBXFrameworksBuildPhase section */
		DC2141541E836AF500328E06 /* Frameworks */ = {
			isa = PBXFrameworksBuildPhase;
			buildActionMask = 2147483647;
			files = (
				D4CAA31B4FFAB9F1DD605F98 /* Pods_AXTransitioningKit.framework in Frameworks */,
			);
			runOnlyForDeploymentPostprocessing = 0;
		};
		DC2141681E836AF500328E06 /* Frameworks */ = {
			isa = PBXFrameworksBuildPhase;
			buildActionMask = 2147483647;
			files = (
			);
			runOnlyForDeploymentPostprocessing = 0;
		};
		DC2141731E836AF500328E06 /* Frameworks */ = {
			isa = PBXFrameworksBuildPhase;
			buildActionMask = 2147483647;
			files = (
			);
			runOnlyForDeploymentPostprocessing = 0;
		};
/* End PBXFrameworksBuildPhase section */

/* Begin PBXGroup section */
		0E235A494C4B519D986515D0 /* Pods */ = {
			isa = PBXGroup;
			children = (
				ED55D329230D553103048431 /* Pods-AXTransitioningKit.debug.xcconfig */,
				42A1C24348BFA8DB6C3BD739 /* Pods-AXTransitioningKit.release.xcconfig */,
			);
			name = Pods;
			sourceTree = "<group>";
		};
		9F3D1379F38D835459862E4B /* Frameworks */ = {
			isa = PBXGroup;
			children = (
				16DC685379DA75CB5EA03DC9 /* Pods_AXTransitioningKit.framework */,
			);
			name = Frameworks;
			sourceTree = "<group>";
		};
		DC21414E1E836AF500328E06 = {
			isa = PBXGroup;
			children = (
				DC2141591E836AF500328E06 /* AXTransitioningKit */,
				DC21416E1E836AF500328E06 /* AXTransitioningKitTests */,
				DC2141791E836AF500328E06 /* AXTransitioningKitUITests */,
				DC2141581E836AF500328E06 /* Products */,
				0E235A494C4B519D986515D0 /* Pods */,
				9F3D1379F38D835459862E4B /* Frameworks */,
			);
			sourceTree = "<group>";
		};
		DC2141581E836AF500328E06 /* Products */ = {
			isa = PBXGroup;
			children = (
				DC2141571E836AF500328E06 /* AXTransitioningKit.app */,
				DC21416B1E836AF500328E06 /* AXTransitioningKitTests.xctest */,
				DC2141761E836AF500328E06 /* AXTransitioningKitUITests.xctest */,
			);
			name = Products;
			sourceTree = "<group>";
		};
		DC2141591E836AF500328E06 /* AXTransitioningKit */ = {
			isa = PBXGroup;
			children = (
				DC21415A1E836AF500328E06 /* AppDelegate.swift */,
				DC21415E1E836AF500328E06 /* Main.storyboard */,
				DC8C428F1E8379FC00BAAF4D /* ViewControllers */,
				DC8C428C1E83738000BAAF4D /* Classes */,
				DC2141611E836AF500328E06 /* Assets.xcassets */,
				DC2141631E836AF500328E06 /* LaunchScreen.storyboard */,
				DC2141661E836AF500328E06 /* Info.plist */,
			);
			path = AXTransitioningKit;
			sourceTree = "<group>";
		};
		DC21416E1E836AF500328E06 /* AXTransitioningKitTests */ = {
			isa = PBXGroup;
			children = (
				DC21416F1E836AF500328E06 /* AXTransitioningKitTests.swift */,
				DC2141711E836AF500328E06 /* Info.plist */,
			);
			path = AXTransitioningKitTests;
			sourceTree = "<group>";
		};
		DC2141791E836AF500328E06 /* AXTransitioningKitUITests */ = {
			isa = PBXGroup;
			children = (
				DC21417A1E836AF500328E06 /* AXTransitioningKitUITests.swift */,
				DC21417C1E836AF500328E06 /* Info.plist */,
			);
			path = AXTransitioningKitUITests;
			sourceTree = "<group>";
		};
		DC8C428C1E83738000BAAF4D /* Classes */ = {
			isa = PBXGroup;
			children = (
				DC8C428D1E8373AF00BAAF4D /* AXDefaultTransitioningObject.swift */,
			);
			path = Classes;
			sourceTree = "<group>";
		};
		DC8C428F1E8379FC00BAAF4D /* ViewControllers */ = {
			isa = PBXGroup;
			children = (
				DC8C42901E837A1000BAAF4D /* DefaultViewController.swift */,
			);
			path = ViewControllers;
			sourceTree = "<group>";
		};
/* End PBXGroup section */

/* Begin PBXNativeTarget section */
		DC2141561E836AF500328E06 /* AXTransitioningKit */ = {
			isa = PBXNativeTarget;
			buildConfigurationList = DC21417F1E836AF500328E06 /* Build configuration list for PBXNativeTarget "AXTransitioningKit" */;
			buildPhases = (
				89973B99ADF66D9F4D1C4932 /* [CP] Check Pods Manifest.lock */,
				DC2141531E836AF500328E06 /* Sources */,
				DC2141541E836AF500328E06 /* Frameworks */,
				DC2141551E836AF500328E06 /* Resources */,
				3FF146C79C573BEB16305EC5 /* [CP] Embed Pods Frameworks */,
				AFF48BC91234B9E9B027F3C0 /* [CP] Copy Pods Resources */,
			);
			buildRules = (
			);
			dependencies = (
			);
			name = AXTransitioningKit;
			productName = AXTransitioningKit;
			productReference = DC2141571E836AF500328E06 /* AXTransitioningKit.app */;
			productType = "com.apple.product-type.application";
		};
		DC21416A1E836AF500328E06 /* AXTransitioningKitTests */ = {
			isa = PBXNativeTarget;
			buildConfigurationList = DC2141821E836AF500328E06 /* Build configuration list for PBXNativeTarget "AXTransitioningKitTests" */;
			buildPhases = (
				DC2141671E836AF500328E06 /* Sources */,
				DC2141681E836AF500328E06 /* Frameworks */,
				DC2141691E836AF500328E06 /* Resources */,
			);
			buildRules = (
			);
			dependencies = (
				DC21416D1E836AF500328E06 /* PBXTargetDependency */,
			);
			name = AXTransitioningKitTests;
			productName = AXTransitioningKitTests;
			productReference = DC21416B1E836AF500328E06 /* AXTransitioningKitTests.xctest */;
			productType = "com.apple.product-type.bundle.unit-test";
		};
		DC2141751E836AF500328E06 /* AXTransitioningKitUITests */ = {
			isa = PBXNativeTarget;
			buildConfigurationList = DC2141851E836AF500328E06 /* Build configuration list for PBXNativeTarget "AXTransitioningKitUITests" */;
			buildPhases = (
				DC2141721E836AF500328E06 /* Sources */,
				DC2141731E836AF500328E06 /* Frameworks */,
				DC2141741E836AF500328E06 /* Resources */,
			);
			buildRules = (
			);
			dependencies = (
				DC2141781E836AF500328E06 /* PBXTargetDependency */,
			);
			name = AXTransitioningKitUITests;
			productName = AXTransitioningKitUITests;
			productReference = DC2141761E836AF500328E06 /* AXTransitioningKitUITests.xctest */;
			productType = "com.apple.product-type.bundle.ui-testing";
		};
/* End PBXNativeTarget section */

/* Begin PBXProject section */
		DC21414F1E836AF500328E06 /* Project object */ = {
			isa = PBXProject;
			attributes = {
				LastSwiftUpdateCheck = 0820;
				LastUpgradeCheck = 0820;
				ORGANIZATIONNAME = devedbox;
				TargetAttributes = {
					DC2141561E836AF500328E06 = {
						CreatedOnToolsVersion = 8.2.1;
						DevelopmentTeam = TKA48YVS5T;
						ProvisioningStyle = Automatic;
					};
					DC21416A1E836AF500328E06 = {
						CreatedOnToolsVersion = 8.2.1;
						DevelopmentTeam = TKA48YVS5T;
						ProvisioningStyle = Automatic;
						TestTargetID = DC2141561E836AF500328E06;
					};
					DC2141751E836AF500328E06 = {
						CreatedOnToolsVersion = 8.2.1;
						DevelopmentTeam = TKA48YVS5T;
						ProvisioningStyle = Automatic;
						TestTargetID = DC2141561E836AF500328E06;
					};
				};
			};
			buildConfigurationList = DC2141521E836AF500328E06 /* Build configuration list for PBXProject "AXTransitioningKit" */;
			compatibilityVersion = "Xcode 3.2";
			developmentRegion = English;
			hasScannedForEncodings = 0;
			knownRegions = (
				en,
				Base,
			);
			mainGroup = DC21414E1E836AF500328E06;
			productRefGroup = DC2141581E836AF500328E06 /* Products */;
			projectDirPath = "";
			projectRoot = "";
			targets = (
				DC2141561E836AF500328E06 /* AXTransitioningKit */,
				DC21416A1E836AF500328E06 /* AXTransitioningKitTests */,
				DC2141751E836AF500328E06 /* AXTransitioningKitUITests */,
			);
		};
/* End PBXProject section */

/* Begin PBXResourcesBuildPhase section */
		DC2141551E836AF500328E06 /* Resources */ = {
			isa = PBXResourcesBuildPhase;
			buildActionMask = 2147483647;
			files = (
				DC2141651E836AF500328E06 /* LaunchScreen.storyboard in Resources */,
				DC2141621E836AF500328E06 /* Assets.xcassets in Resources */,
				DC2141601E836AF500328E06 /* Main.storyboard in Resources */,
			);
			runOnlyForDeploymentPostprocessing = 0;
		};
		DC2141691E836AF500328E06 /* Resources */ = {
			isa = PBXResourcesBuildPhase;
			buildActionMask = 2147483647;
			files = (
			);
			runOnlyForDeploymentPostprocessing = 0;
		};
		DC2141741E836AF500328E06 /* Resources */ = {
			isa = PBXResourcesBuildPhase;
			buildActionMask = 2147483647;
			files = (
			);
			runOnlyForDeploymentPostprocessing = 0;
		};
/* End PBXResourcesBuildPhase section */

/* Begin PBXShellScriptBuildPhase section */
		3FF146C79C573BEB16305EC5 /* [CP] Embed Pods Frameworks */ = {
			isa = PBXShellScriptBuildPhase;
			buildActionMask = 2147483647;
			files = (
			);
			inputPaths = (
			);
			name = "[CP] Embed Pods Frameworks";
			outputPaths = (
			);
			runOnlyForDeploymentPostprocessing = 0;
			shellPath = /bin/sh;
			shellScript = "\"${SRCROOT}/Pods/Target Support Files/Pods-AXTransitioningKit/Pods-AXTransitioningKit-frameworks.sh\"\n";
			showEnvVarsInLog = 0;
		};
		89973B99ADF66D9F4D1C4932 /* [CP] Check Pods Manifest.lock */ = {
			isa = PBXShellScriptBuildPhase;
			buildActionMask = 2147483647;
			files = (
			);
			inputPaths = (
			);
			name = "[CP] Check Pods Manifest.lock";
			outputPaths = (
			);
			runOnlyForDeploymentPostprocessing = 0;
			shellPath = /bin/sh;
			shellScript = "diff \"${PODS_ROOT}/../Podfile.lock\" \"${PODS_ROOT}/Manifest.lock\" > /dev/null\nif [ $? != 0 ] ; then\n    # print error to STDERR\n    echo \"error: The sandbox is not in sync with the Podfile.lock. Run 'pod install' or update your CocoaPods installation.\" >&2\n    exit 1\nfi\n";
			showEnvVarsInLog = 0;
		};
		AFF48BC91234B9E9B027F3C0 /* [CP] Copy Pods Resources */ = {
			isa = PBXShellScriptBuildPhase;
			buildActionMask = 2147483647;
			files = (
			);
			inputPaths = (
			);
			name = "[CP] Copy Pods Resources";
			outputPaths = (
			);
			runOnlyForDeploymentPostprocessing = 0;
			shellPath = /bin/sh;
			shellScript = "\"${SRCROOT}/Pods/Target Support Files/Pods-AXTransitioningKit/Pods-AXTransitioningKit-resources.sh\"\n";
			showEnvVarsInLog = 0;
		};
/* End PBXShellScriptBuildPhase section */

/* Begin PBXSourcesBuildPhase section */
		DC2141531E836AF500328E06 /* Sources */ = {
			isa = PBXSourcesBuildPhase;
			buildActionMask = 2147483647;
			files = (
				DC8C42911E837A1000BAAF4D /* DefaultViewController.swift in Sources */,
				DC21415B1E836AF500328E06 /* AppDelegate.swift in Sources */,
				DC8C428E1E8373AF00BAAF4D /* AXDefaultTransitioningObject.swift in Sources */,
			);
			runOnlyForDeploymentPostprocessing = 0;
		};
		DC2141671E836AF500328E06 /* Sources */ = {
			isa = PBXSourcesBuildPhase;
			buildActionMask = 2147483647;
			files = (
				DC2141701E836AF500328E06 /* AXTransitioningKitTests.swift in Sources */,
			);
			runOnlyForDeploymentPostprocessing = 0;
		};
		DC2141721E836AF500328E06 /* Sources */ = {
			isa = PBXSourcesBuildPhase;
			buildActionMask = 2147483647;
			files = (
				DC21417B1E836AF500328E06 /* AXTransitioningKitUITests.swift in Sources */,
			);
			runOnlyForDeploymentPostprocessing = 0;
		};
/* End PBXSourcesBuildPhase section */

/* Begin PBXTargetDependency section */
		DC21416D1E836AF500328E06 /* PBXTargetDependency */ = {
			isa = PBXTargetDependency;
			target = DC2141561E836AF500328E06 /* AXTransitioningKit */;
			targetProxy = DC21416C1E836AF500328E06 /* PBXContainerItemProxy */;
		};
		DC2141781E836AF500328E06 /* PBXTargetDependency */ = {
			isa = PBXTargetDependency;
			target = DC2141561E836AF500328E06 /* AXTransitioningKit */;
			targetProxy = DC2141771E836AF500328E06 /* PBXContainerItemProxy */;
		};
/* End PBXTargetDependency section */

/* Begin PBXVariantGroup section */
		DC21415E1E836AF500328E06 /* Main.storyboard */ = {
			isa = PBXVariantGroup;
			children = (
				DC21415F1E836AF500328E06 /* Base */,
			);
			name = Main.storyboard;
			sourceTree = "<group>";
		};
		DC2141631E836AF500328E06 /* LaunchScreen.storyboard */ = {
			isa = PBXVariantGroup;
			children = (
				DC2141641E836AF500328E06 /* Base */,
			);
			name = LaunchScreen.storyboard;
			sourceTree = "<group>";
		};
/* End PBXVariantGroup section */

/* Begin XCBuildConfiguration section */
		DC21417D1E836AF500328E06 /* Debug */ = {
			isa = XCBuildConfiguration;
			buildSettings = {
				ALWAYS_SEARCH_USER_PATHS = NO;
				CLANG_ANALYZER_NONNULL = YES;
				CLANG_CXX_LANGUAGE_STANDARD = "gnu++0x";
				CLANG_CXX_LIBRARY = "libc++";
				CLANG_ENABLE_MODULES = YES;
				CLANG_ENABLE_OBJC_ARC = YES;
				CLANG_WARN_BOOL_CONVERSION = YES;
				CLANG_WARN_CONSTANT_CONVERSION = YES;
				CLANG_WARN_DIRECT_OBJC_ISA_USAGE = YES_ERROR;
				CLANG_WARN_DOCUMENTATION_COMMENTS = YES;
				CLANG_WARN_EMPTY_BODY = YES;
				CLANG_WARN_ENUM_CONVERSION = YES;
				CLANG_WARN_INFINITE_RECURSION = YES;
				CLANG_WARN_INT_CONVERSION = YES;
				CLANG_WARN_OBJC_ROOT_CLASS = YES_ERROR;
				CLANG_WARN_SUSPICIOUS_MOVE = YES;
				CLANG_WARN_UNREACHABLE_CODE = YES;
				CLANG_WARN__DUPLICATE_METHOD_MATCH = YES;
				"CODE_SIGN_IDENTITY[sdk=iphoneos*]" = "iPhone Developer";
				COPY_PHASE_STRIP = NO;
				DEBUG_INFORMATION_FORMAT = dwarf;
				ENABLE_STRICT_OBJC_MSGSEND = YES;
				ENABLE_TESTABILITY = YES;
				GCC_C_LANGUAGE_STANDARD = gnu99;
				GCC_DYNAMIC_NO_PIC = NO;
				GCC_NO_COMMON_BLOCKS = YES;
				GCC_OPTIMIZATION_LEVEL = 0;
				GCC_PREPROCESSOR_DEFINITIONS = (
					"DEBUG=1",
					"$(inherited)",
				);
				GCC_WARN_64_TO_32_BIT_CONVERSION = YES;
				GCC_WARN_ABOUT_RETURN_TYPE = YES_ERROR;
				GCC_WARN_UNDECLARED_SELECTOR = YES;
				GCC_WARN_UNINITIALIZED_AUTOS = YES_AGGRESSIVE;
				GCC_WARN_UNUSED_FUNCTION = YES;
				GCC_WARN_UNUSED_VARIABLE = YES;
				IPHONEOS_DEPLOYMENT_TARGET = 10.2;
				MTL_ENABLE_DEBUG_INFO = YES;
				ONLY_ACTIVE_ARCH = YES;
				SDKROOT = iphoneos;
				SWIFT_ACTIVE_COMPILATION_CONDITIONS = DEBUG;
				SWIFT_OPTIMIZATION_LEVEL = "-Onone";
			};
			name = Debug;
		};
		DC21417E1E836AF500328E06 /* Release */ = {
			isa = XCBuildConfiguration;
			buildSettings = {
				ALWAYS_SEARCH_USER_PATHS = NO;
				CLANG_ANALYZER_NONNULL = YES;
				CLANG_CXX_LANGUAGE_STANDARD = "gnu++0x";
				CLANG_CXX_LIBRARY = "libc++";
				CLANG_ENABLE_MODULES = YES;
				CLANG_ENABLE_OBJC_ARC = YES;
				CLANG_WARN_BOOL_CONVERSION = YES;
				CLANG_WARN_CONSTANT_CONVERSION = YES;
				CLANG_WARN_DIRECT_OBJC_ISA_USAGE = YES_ERROR;
				CLANG_WARN_DOCUMENTATION_COMMENTS = YES;
				CLANG_WARN_EMPTY_BODY = YES;
				CLANG_WARN_ENUM_CONVERSION = YES;
				CLANG_WARN_INFINITE_RECURSION = YES;
				CLANG_WARN_INT_CONVERSION = YES;
				CLANG_WARN_OBJC_ROOT_CLASS = YES_ERROR;
				CLANG_WARN_SUSPICIOUS_MOVE = YES;
				CLANG_WARN_UNREACHABLE_CODE = YES;
				CLANG_WARN__DUPLICATE_METHOD_MATCH = YES;
				"CODE_SIGN_IDENTITY[sdk=iphoneos*]" = "iPhone Developer";
				COPY_PHASE_STRIP = NO;
				DEBUG_INFORMATION_FORMAT = "dwarf-with-dsym";
				ENABLE_NS_ASSERTIONS = NO;
				ENABLE_STRICT_OBJC_MSGSEND = YES;
				GCC_C_LANGUAGE_STANDARD = gnu99;
				GCC_NO_COMMON_BLOCKS = YES;
				GCC_WARN_64_TO_32_BIT_CONVERSION = YES;
				GCC_WARN_ABOUT_RETURN_TYPE = YES_ERROR;
				GCC_WARN_UNDECLARED_SELECTOR = YES;
				GCC_WARN_UNINITIALIZED_AUTOS = YES_AGGRESSIVE;
				GCC_WARN_UNUSED_FUNCTION = YES;
				GCC_WARN_UNUSED_VARIABLE = YES;
				IPHONEOS_DEPLOYMENT_TARGET = 10.2;
				MTL_ENABLE_DEBUG_INFO = NO;
				SDKROOT = iphoneos;
				SWIFT_OPTIMIZATION_LEVEL = "-Owholemodule";
				VALIDATE_PRODUCT = YES;
			};
			name = Release;
		};
		DC2141801E836AF500328E06 /* Debug */ = {
			isa = XCBuildConfiguration;
			baseConfigurationReference = ED55D329230D553103048431 /* Pods-AXTransitioningKit.debug.xcconfig */;
			buildSettings = {
				ASSETCATALOG_COMPILER_APPICON_NAME = AppIcon;
				DEVELOPMENT_TEAM = TKA48YVS5T;
				INFOPLIST_FILE = AXTransitioningKit/Info.plist;
				LD_RUNPATH_SEARCH_PATHS = "$(inherited) @executable_path/Frameworks";
				PRODUCT_BUNDLE_IDENTIFIER = devedbox.AXTransitioningKit;
				PRODUCT_NAME = "$(TARGET_NAME)";
				SWIFT_VERSION = 3.0;
			};
			name = Debug;
		};
		DC2141811E836AF500328E06 /* Release */ = {
			isa = XCBuildConfiguration;
			baseConfigurationReference = 42A1C24348BFA8DB6C3BD739 /* Pods-AXTransitioningKit.release.xcconfig */;
			buildSettings = {
				ASSETCATALOG_COMPILER_APPICON_NAME = AppIcon;
				DEVELOPMENT_TEAM = TKA48YVS5T;
				INFOPLIST_FILE = AXTransitioningKit/Info.plist;
				LD_RUNPATH_SEARCH_PATHS = "$(inherited) @executable_path/Frameworks";
				PRODUCT_BUNDLE_IDENTIFIER = devedbox.AXTransitioningKit;
				PRODUCT_NAME = "$(TARGET_NAME)";
				SWIFT_VERSION = 3.0;
			};
			name = Release;
		};
		DC2141831E836AF500328E06 /* Debug */ = {
			isa = XCBuildConfiguration;
			buildSettings = {
				ALWAYS_EMBED_SWIFT_STANDARD_LIBRARIES = YES;
				BUNDLE_LOADER = "$(TEST_HOST)";
				DEVELOPMENT_TEAM = TKA48YVS5T;
				INFOPLIST_FILE = AXTransitioningKitTests/Info.plist;
				LD_RUNPATH_SEARCH_PATHS = "$(inherited) @executable_path/Frameworks @loader_path/Frameworks";
				PRODUCT_BUNDLE_IDENTIFIER = devedbox.AXTransitioningKitTests;
				PRODUCT_NAME = "$(TARGET_NAME)";
				SWIFT_VERSION = 3.0;
				TEST_HOST = "$(BUILT_PRODUCTS_DIR)/AXTransitioningKit.app/AXTransitioningKit";
			};
			name = Debug;
		};
		DC2141841E836AF500328E06 /* Release */ = {
			isa = XCBuildConfiguration;
			buildSettings = {
				ALWAYS_EMBED_SWIFT_STANDARD_LIBRARIES = YES;
				BUNDLE_LOADER = "$(TEST_HOST)";
				DEVELOPMENT_TEAM = TKA48YVS5T;
				INFOPLIST_FILE = AXTransitioningKitTests/Info.plist;
				LD_RUNPATH_SEARCH_PATHS = "$(inherited) @executable_path/Frameworks @loader_path/Frameworks";
				PRODUCT_BUNDLE_IDENTIFIER = devedbox.AXTransitioningKitTests;
				PRODUCT_NAME = "$(TARGET_NAME)";
				SWIFT_VERSION = 3.0;
				TEST_HOST = "$(BUILT_PRODUCTS_DIR)/AXTransitioningKit.app/AXTransitioningKit";
			};
			name = Release;
		};
		DC2141861E836AF500328E06 /* Debug */ = {
			isa = XCBuildConfiguration;
			buildSettings = {
				ALWAYS_EMBED_SWIFT_STANDARD_LIBRARIES = YES;
				DEVELOPMENT_TEAM = TKA48YVS5T;
				INFOPLIST_FILE = AXTransitioningKitUITests/Info.plist;
				LD_RUNPATH_SEARCH_PATHS = "$(inherited) @executable_path/Frameworks @loader_path/Frameworks";
				PRODUCT_BUNDLE_IDENTIFIER = devedbox.AXTransitioningKitUITests;
				PRODUCT_NAME = "$(TARGET_NAME)";
				SWIFT_VERSION = 3.0;
				TEST_TARGET_NAME = AXTransitioningKit;
			};
			name = Debug;
		};
		DC2141871E836AF500328E06 /* Release */ = {
			isa = XCBuildConfiguration;
			buildSettings = {
				ALWAYS_EMBED_SWIFT_STANDARD_LIBRARIES = YES;
				DEVELOPMENT_TEAM = TKA48YVS5T;
				INFOPLIST_FILE = AXTransitioningKitUITests/Info.plist;
				LD_RUNPATH_SEARCH_PATHS = "$(inherited) @executable_path/Frameworks @loader_path/Frameworks";
				PRODUCT_BUNDLE_IDENTIFIER = devedbox.AXTransitioningKitUITests;
				PRODUCT_NAME = "$(TARGET_NAME)";
				SWIFT_VERSION = 3.0;
				TEST_TARGET_NAME = AXTransitioningKit;
			};
			name = Release;
		};
/* End XCBuildConfiguration section */

/* Begin XCConfigurationList section */
		DC2141521E836AF500328E06 /* Build configuration list for PBXProject "AXTransitioningKit" */ = {
			isa = XCConfigurationList;
			buildConfigurations = (
				DC21417D1E836AF500328E06 /* Debug */,
				DC21417E1E836AF500328E06 /* Release */,
			);
			defaultConfigurationIsVisible = 0;
			defaultConfigurationName = Release;
		};
		DC21417F1E836AF500328E06 /* Build configuration list for PBXNativeTarget "AXTransitioningKit" */ = {
			isa = XCConfigurationList;
			buildConfigurations = (
				DC2141801E836AF500328E06 /* Debug */,
				DC2141811E836AF500328E06 /* Release */,
			);
			defaultConfigurationIsVisible = 0;
			defaultConfigurationName = Release;
		};
		DC2141821E836AF500328E06 /* Build configuration list for PBXNativeTarget "AXTransitioningKitTests" */ = {
			isa = XCConfigurationList;
			buildConfigurations = (
				DC2141831E836AF500328E06 /* Debug */,
				DC2141841E836AF500328E06 /* Release */,
			);
			defaultConfigurationIsVisible = 0;
			defaultConfigurationName = Release;
		};
		DC2141851E836AF500328E06 /* Build configuration list for PBXNativeTarget "AXTransitioningKitUITests" */ = {
			isa = XCConfigurationList;
			buildConfigurations = (
				DC2141861E836AF500328E06 /* Debug */,
				DC2141871E836AF500328E06 /* Release */,
			);
			defaultConfigurationIsVisible = 0;
			defaultConfigurationName = Release;
		};
/* End XCConfigurationList section */
	};
	rootObject = DC21414F1E836AF500328E06 /* Project object */;
}
